
Microsoft Visual Studio Solution File, Format Version 12.00
# Visual Studio 14
VisualStudioVersion = 14.0.25123.0
MinimumVisualStudioVersion = 10.0.40219.1
Project("{FAE04EC0-301F-11D3-BF4B-00C04F79EFBC}") = "ElevenNote.web", "ElevenNote.web\ElevenNote.web.csproj", "{54646B64-3DDD-45D6-858B-A8E538416308}"
EndProject
Project("{FAE04EC0-301F-11D3-BF4B-00C04F79EFBC}") = "ElevenNote.services", "ElevenNote.services\ElevenNote.services.csproj", "{B67AC82F-D6E7-4962-A0EA-3CBD072843B4}"
EndProject
Project("{FAE04EC0-301F-11D3-BF4B-00C04F79EFBC}") = "ElevenNote.models", "ElevenNote.models\ElevenNote.models.csproj", "{4D67FE85-4733-441E-ACE5-B903A1302A43}"
EndProject
Project("{FAE04EC0-301F-11D3-BF4B-00C04F79EFBC}") = "ElevenNote.data", "ElevenNote.data\ElevenNote.data.csproj", "{60B4FC64-CA7B-43D4-A492-B8BBB2FBE456}"
EndProject
Global
	GlobalSection(SolutionConfigurationPlatforms) = preSolution
		Debug|Any CPU = Debug|Any CPU
		Release|Any CPU = Release|Any CPU
	EndGlobalSection
	GlobalSection(ProjectConfigurationPlatforms) = postSolution
		{54646B64-3DDD-45D6-858B-A8E538416308}.Debug|Any CPU.ActiveCfg = Debug|Any CPU
		{54646B64-3DDD-45D6-858B-A8E538416308}.Debug|Any CPU.Build.0 = Debug|Any CPU
		{54646B64-3DDD-45D6-858B-A8E538416308}.Release|Any CPU.ActiveCfg = Release|Any CPU
		{54646B64-3DDD-45D6-858B-A8E538416308}.Release|Any CPU.Build.0 = Release|Any CPU
		{B67AC82F-D6E7-4962-A0EA-3CBD072843B4}.Debug|Any CPU.ActiveCfg = Debug|Any CPU
		{B67AC82F-D6E7-4962-A0EA-3CBD072843B4}.Debug|Any CPU.Build.0 = Debug|Any CPU
		{B67AC82F-D6E7-4962-A0EA-3CBD072843B4}.Release|Any CPU.ActiveCfg = Release|Any CPU
		{B67AC82F-D6E7-4962-A0EA-3CBD072843B4}.Release|Any CPU.Build.0 = Release|Any CPU
		{4D67FE85-4733-441E-ACE5-B903A1302A43}.Debug|Any CPU.ActiveCfg = Debug|Any CPU
		{4D67FE85-4733-441E-ACE5-B903A1302A43}.Debug|Any CPU.Build.0 = Debug|Any CPU
		{4D67FE85-4733-441E-ACE5-B903A1302A43}.Release|Any CPU.ActiveCfg = Release|Any CPU
		{4D67FE85-4733-441E-ACE5-B903A1302A43}.Release|Any CPU.Build.0 = Release|Any CPU
		{60B4FC64-CA7B-43D4-A492-B8BBB2FBE456}.Debug|Any CPU.ActiveCfg = Debug|Any CPU
		{60B4FC64-CA7B-43D4-A492-B8BBB2FBE456}.Debug|Any CPU.Build.0 = Debug|Any CPU
		{60B4FC64-CA7B-43D4-A492-B8BBB2FBE456}.Release|Any CPU.ActiveCfg = Release|Any CPU
		{60B4FC64-CA7B-43D4-A492-B8BBB2FBE456}.Release|Any CPU.Build.0 = Release|Any CPU
	EndGlobalSection
	GlobalSection(SolutionProperties) = preSolution
		HideSolutionNode = FALSE
	EndGlobalSection
EndGlobal
